// !$*UTF8*$!
{
	archiveVersion = 1;
	classes = {
	};
	objectVersion = 46;
	objects = {

/* Begin PBXBuildFile section */
		3D98C2B51D563053007DF0E1 /* AppDelegate.swift in Sources */ = {isa = PBXBuildFile; fileRef = 3D98C2B41D563053007DF0E1 /* AppDelegate.swift */; };
		3D98C2B71D563054007DF0E1 /* GroupViewController.swift in Sources */ = {isa = PBXBuildFile; fileRef = 3D98C2B61D563054007DF0E1 /* GroupViewController.swift */; };
		3D98C2BA1D563054007DF0E1 /* Main.storyboard in Resources */ = {isa = PBXBuildFile; fileRef = 3D98C2B81D563054007DF0E1 /* Main.storyboard */; };
		3D98C2BC1D563054007DF0E1 /* Assets.xcassets in Resources */ = {isa = PBXBuildFile; fileRef = 3D98C2BB1D563054007DF0E1 /* Assets.xcassets */; };
		3D98C2BF1D563054007DF0E1 /* LaunchScreen.storyboard in Resources */ = {isa = PBXBuildFile; fileRef = 3D98C2BD1D563054007DF0E1 /* LaunchScreen.storyboard */; };
		3D98C2C71D563145007DF0E1 /* GroupCell.swift in Sources */ = {isa = PBXBuildFile; fileRef = 3D98C2C61D563145007DF0E1 /* GroupCell.swift */; };
		3D98C2D11D56FE2F007DF0E1 /* CollectionViewDelegateLayout.swift in Sources */ = {isa = PBXBuildFile; fileRef = 3D98C2D01D56FE2F007DF0E1 /* CollectionViewDelegateLayout.swift */; };
		3D98C2D31D56FF5C007DF0E1 /* Model.swift in Sources */ = {isa = PBXBuildFile; fileRef = 3D98C2D21D56FF5C007DF0E1 /* Model.swift */; };
/* End PBXBuildFile section */

/* Begin PBXFileReference section */
		3D98C2B11D563053007DF0E1 /* DemoApp.app */ = {isa = PBXFileReference; explicitFileType = wrapper.application; includeInIndex = 0; path = DemoApp.app; sourceTree = BUILT_PRODUCTS_DIR; };
		3D98C2B41D563053007DF0E1 /* AppDelegate.swift */ = {isa = PBXFileReference; lastKnownFileType = sourcecode.swift; path = AppDelegate.swift; sourceTree = "<group>"; };
		3D98C2B61D563054007DF0E1 /* GroupViewController.swift */ = {isa = PBXFileReference; lastKnownFileType = sourcecode.swift; path = GroupViewController.swift; sourceTree = "<group>"; };
		3D98C2B91D563054007DF0E1 /* Base */ = {isa = PBXFileReference; lastKnownFileType = file.storyboard; name = Base; path = Base.lproj/Main.storyboard; sourceTree = "<group>"; };
		3D98C2BB1D563054007DF0E1 /* Assets.xcassets */ = {isa = PBXFileReference; lastKnownFileType = folder.assetcatalog; path = Assets.xcassets; sourceTree = "<group>"; };
		3D98C2BE1D563054007DF0E1 /* Base */ = {isa = PBXFileReference; lastKnownFileType = file.storyboard; name = Base; path = Base.lproj/LaunchScreen.storyboard; sourceTree = "<group>"; };
		3D98C2C01D563054007DF0E1 /* Info.plist */ = {isa = PBXFileReference; lastKnownFileType = text.plist.xml; path = Info.plist; sourceTree = "<group>"; };
		3D98C2C61D563145007DF0E1 /* GroupCell.swift */ = {isa = PBXFileReference; fileEncoding = 4; lastKnownFileType = sourcecode.swift; path = GroupCell.swift; sourceTree = "<group>"; };
		3D98C2D01D56FE2F007DF0E1 /* CollectionViewDelegateLayout.swift */ = {isa = PBXFileReference; fileEncoding = 4; lastKnownFileType = sourcecode.swift; path = CollectionViewDelegateLayout.swift; sourceTree = "<group>"; };
		3D98C2D21D56FF5C007DF0E1 /* Model.swift */ = {isa = PBXFileReference; fileEncoding = 4; lastKnownFileType = sourcecode.swift; path = Model.swift; sourceTree = "<group>"; };
/* End PBXFileReference section */

/* Begin PBXFrameworksBuildPhase section */
		3D98C2AE1D563053007DF0E1 /* Frameworks */ = {
			isa = PBXFrameworksBuildPhase;
			buildActionMask = 2147483647;
			files = (
			);
			runOnlyForDeploymentPostprocessing = 0;
		};
/* End PBXFrameworksBuildPhase section */

/* Begin PBXGroup section */
		3D845AAB1D570AF40022EC50 /* Model */ = {
			isa = PBXGroup;
			children = (
				3D98C2B41D563053007DF0E1 /* AppDelegate.swift */,
				3D98C2D21D56FF5C007DF0E1 /* Model.swift */,
			);
			name = Model;
			sourceTree = "<group>";
		};
		3D845AAC1D570B060022EC50 /* View */ = {
			isa = PBXGroup;
			children = (
				3D98C2B81D563054007DF0E1 /* Main.storyboard */,
				3D98C2BD1D563054007DF0E1 /* LaunchScreen.storyboard */,
			);
			name = View;
			sourceTree = "<group>";
		};
		3D845AAD1D570B110022EC50 /* Controller */ = {
			isa = PBXGroup;
			children = (
				3D98C2D01D56FE2F007DF0E1 /* CollectionViewDelegateLayout.swift */,
				3D98C2B61D563054007DF0E1 /* GroupViewController.swift */,
			);
			name = Controller;
			sourceTree = "<group>";
		};
		3D845AAE1D5725310022EC50 /* Cell */ = {
			isa = PBXGroup;
			children = (
				3D98C2C61D563145007DF0E1 /* GroupCell.swift */,
			);
			name = Cell;
			sourceTree = "<group>";
		};
		3D98C2A81D563053007DF0E1 = {
			isa = PBXGroup;
			children = (
				3D98C2B31D563053007DF0E1 /* DemoApp */,
				3D98C2B21D563053007DF0E1 /* Products */,
			);
			sourceTree = "<group>";
		};
		3D98C2B21D563053007DF0E1 /* Products */ = {
			isa = PBXGroup;
			children = (
				3D98C2B11D563053007DF0E1 /* DemoApp.app */,
			);
			name = Products;
			sourceTree = "<group>";
		};
		3D98C2B31D563053007DF0E1 /* DemoApp */ = {
			isa = PBXGroup;
			children = (
				3D845AAE1D5725310022EC50 /* Cell */,
				3D845AAD1D570B110022EC50 /* Controller */,
				3D845AAC1D570B060022EC50 /* View */,
				3D845AAB1D570AF40022EC50 /* Model */,
				3D98C2BB1D563054007DF0E1 /* Assets.xcassets */,
				3D98C2C01D563054007DF0E1 /* Info.plist */,
			);
			path = DemoApp;
			sourceTree = "<group>";
		};
/* End PBXGroup section */

/* Begin PBXNativeTarget section */
		3D98C2B01D563053007DF0E1 /* DemoApp */ = {
			isa = PBXNativeTarget;
			buildConfigurationList = 3D98C2C31D563054007DF0E1 /* Build configuration list for PBXNativeTarget "DemoApp" */;
			buildPhases = (
				3D98C2AD1D563053007DF0E1 /* Sources */,
				3D98C2AE1D563053007DF0E1 /* Frameworks */,
				3D98C2AF1D563053007DF0E1 /* Resources */,
			);
			buildRules = (
			);
			dependencies = (
			);
			name = DemoApp;
			productName = DemoApp;
			productReference = 3D98C2B11D563053007DF0E1 /* DemoApp.app */;
			productType = "com.apple.product-type.application";
		};
/* End PBXNativeTarget section */

/* Begin PBXProject section */
		3D98C2A91D563053007DF0E1 /* Project object */ = {
			isa = PBXProject;
			attributes = {
				LastSwiftUpdateCheck = 0730;
				LastUpgradeCheck = 0730;
				ORGANIZATIONNAME = Sanjay;
				TargetAttributes = {
					3D98C2B01D563053007DF0E1 = {
						CreatedOnToolsVersion = 7.3.1;
					};
				};
			};
			buildConfigurationList = 3D98C2AC1D563053007DF0E1 /* Build configuration list for PBXProject "DemoApp" */;
			compatibilityVersion = "Xcode 3.2";
			developmentRegion = English;
			hasScannedForEncodings = 0;
			knownRegions = (
				en,
				Base,
			);
			mainGroup = 3D98C2A81D563053007DF0E1;
			productRefGroup = 3D98C2B21D563053007DF0E1 /* Products */;
			projectDirPath = "";
			projectRoot = "";
			targets = (
				3D98C2B01D563053007DF0E1 /* DemoApp */,
			);
		};
/* End PBXProject section */

/* Begin PBXResourcesBuildPhase section */
		3D98C2AF1D563053007DF0E1 /* Resources */ = {
			isa = PBXResourcesBuildPhase;
			buildActionMask = 2147483647;
			files = (
				3D98C2BF1D563054007DF0E1 /* LaunchScreen.storyboard in Resources */,
				3D98C2BC1D563054007DF0E1 /* Assets.xcassets in Resources */,
				3D98C2BA1D563054007DF0E1 /* Main.storyboard in Resources */,
			);
			runOnlyForDeploymentPostprocessing = 0;
		};
/* End PBXResourcesBuildPhase section */

/* Begin PBXSourcesBuildPhase section */
		3D98C2AD1D563053007DF0E1 /* Sources */ = {
			isa = PBXSourcesBuildPhase;
			buildActionMask = 2147483647;
			files = (
				3D98C2D11D56FE2F007DF0E1 /* CollectionViewDelegateLayout.swift in Sources */,
				3D98C2C71D563145007DF0E1 /* GroupCell.swift in Sources */,
				3D98C2D31D56FF5C007DF0E1 /* Model.swift in Sources */,
				3D98C2B71D563054007DF0E1 /* GroupViewController.swift in Sources */,
				3D98C2B51D563053007DF0E1 /* AppDelegate.swift in Sources */,
			);
			runOnlyForDeploymentPostprocessing = 0;
		};
/* End PBXSourcesBuildPhase section */

/* Begin PBXVariantGroup section */
		3D98C2B81D563054007DF0E1 /* Main.storyboard */ = {
			isa = PBXVariantGroup;
			children = (
				3D98C2B91D563054007DF0E1 /* Base */,
			);
			name = Main.storyboard;
			sourceTree = "<group>";
		};
		3D98C2BD1D563054007DF0E1 /* LaunchScreen.storyboard */ = {
			isa = PBXVariantGroup;
			children = (
				3D98C2BE1D563054007DF0E1 /* Base */,
			);
			name = LaunchScreen.storyboard;
			sourceTree = "<group>";
		};
/* End PBXVariantGroup section */

/* Begin XCBuildConfiguration section */
		3D98C2C11D563054007DF0E1 /* Debug */ = {
			isa = XCBuildConfiguration;
			buildSettings = {
				ALWAYS_SEARCH_USER_PATHS = NO;
				CLANG_ANALYZER_NONNULL = YES;
				CLANG_CXX_LANGUAGE_STANDARD = "gnu++0x";
				CLANG_CXX_LIBRARY = "libc++";
				CLANG_ENABLE_MODULES = YES;
				CLANG_ENABLE_OBJC_ARC = YES;
				CLANG_WARN_BOOL_CONVERSION = YES;
				CLANG_WARN_CONSTANT_CONVERSION = YES;
				CLANG_WARN_DIRECT_OBJC_ISA_USAGE = YES_ERROR;
				CLANG_WARN_EMPTY_BODY = YES;
				CLANG_WARN_ENUM_CONVERSION = YES;
				CLANG_WARN_INT_CONVERSION = YES;
				CLANG_WARN_OBJC_ROOT_CLASS = YES_ERROR;
				CLANG_WARN_UNREACHABLE_CODE = YES;
				CLANG_WARN__DUPLICATE_METHOD_MATCH = YES;
				"CODE_SIGN_IDENTITY[sdk=iphoneos*]" = "iPhone Developer";
				COPY_PHASE_STRIP = NO;
				DEBUG_INFORMATION_FORMAT = dwarf;
				ENABLE_STRICT_OBJC_MSGSEND = YES;
				ENABLE_TESTABILITY = YES;
				GCC_C_LANGUAGE_STANDARD = gnu99;
				GCC_DYNAMIC_NO_PIC = NO;
				GCC_NO_COMMON_BLOCKS = YES;
				GCC_OPTIMIZATION_LEVEL = 0;
				GCC_PREPROCESSOR_DEFINITIONS = (
					"DEBUG=1",
					"$(inherited)",
				);
				GCC_WARN_64_TO_32_BIT_CONVERSION = YES;
				GCC_WARN_ABOUT_RETURN_TYPE = YES_ERROR;
				GCC_WARN_UNDECLARED_SELECTOR = YES;
				GCC_WARN_UNINITIALIZED_AUTOS = YES_AGGRESSIVE;
				GCC_WARN_UNUSED_FUNCTION = YES;
				GCC_WARN_UNUSED_VARIABLE = YES;
				IPHONEOS_DEPLOYMENT_TARGET = 9.3;
				MTL_ENABLE_DEBUG_INFO = YES;
				ONLY_ACTIVE_ARCH = YES;
				SDKROOT = iphoneos;
				SWIFT_OPTIMIZATION_LEVEL = "-Onone";
				TARGETED_DEVICE_FAMILY = "1,2";
			};
			name = Debug;
		};
		3D98C2C21D563054007DF0E1 /* Release */ = {
			isa = XCBuildConfiguration;
			buildSettings = {
				ALWAYS_SEARCH_USER_PATHS = NO;
				CLANG_ANALYZER_NONNULL = YES;
				CLANG_CXX_LANGUAGE_STANDARD = "gnu++0x";
				CLANG_CXX_LIBRARY = "libc++";
				CLANG_ENABLE_MODULES = YES;
				CLANG_ENABLE_OBJC_ARC = YES;
				CLANG_WARN_BOOL_CONVERSION = YES;
				CLANG_WARN_CONSTANT_CONVERSION = YES;
				CLANG_WARN_DIRECT_OBJC_ISA_USAGE = YES_ERROR;
				CLANG_WARN_EMPTY_BODY = YES;
				CLANG_WARN_ENUM_CONVERSION = YES;
				CLANG_WARN_INT_CONVERSION = YES;
				CLANG_WARN_OBJC_ROOT_CLASS = YES_ERROR;
				CLANG_WARN_UNREACHABLE_CODE = YES;
				CLANG_WARN__DUPLICATE_METHOD_MATCH = YES;
				"CODE_SIGN_IDENTITY[sdk=iphoneos*]" = "iPhone Developer";
				COPY_PHASE_STRIP = NO;
				DEBUG_INFORMATION_FORMAT = "dwarf-with-dsym";
				ENABLE_NS_ASSERTIONS = NO;
				ENABLE_STRICT_OBJC_MSGSEND = YES;
				GCC_C_LANGUAGE_STANDARD = gnu99;
				GCC_NO_COMMON_BLOCKS = YES;
				GCC_WARN_64_TO_32_BIT_CONVERSION = YES;
				GCC_WARN_ABOUT_RETURN_TYPE = YES_ERROR;
				GCC_WARN_UNDECLARED_SELECTOR = YES;
				GCC_WARN_UNINITIALIZED_AUTOS = YES_AGGRESSIVE;
				GCC_WARN_UNUSED_FUNCTION = YES;
				GCC_WARN_UNUSED_VARIABLE = YES;
				IPHONEOS_DEPLOYMENT_TARGET = 9.3;
				MTL_ENABLE_DEBUG_INFO = NO;
				SDKROOT = iphoneos;
				TARGETED_DEVICE_FAMILY = "1,2";
				VALIDATE_PRODUCT = YES;
			};
			name = Release;
		};
		3D98C2C41D563054007DF0E1 /* Debug */ = {
			isa = XCBuildConfiguration;
			buildSettings = {
				ASSETCATALOG_COMPILER_APPICON_NAME = AppIcon;
				INFOPLIST_FILE = DemoApp/Info.plist;
				LD_RUNPATH_SEARCH_PATHS = "$(inherited) @executable_path/Frameworks";
				PRODUCT_BUNDLE_IDENTIFIER = com.theiOS.DemoApp;
				PRODUCT_NAME = "$(TARGET_NAME)";
			};
			name = Debug;
		};
		3D98C2C51D563054007DF0E1 /* Release */ = {
			isa = XCBuildConfiguration;
			buildSettings = {
				ASSETCATALOG_COMPILER_APPICON_NAME = AppIcon;
				INFOPLIST_FILE = DemoApp/Info.plist;
				LD_RUNPATH_SEARCH_PATHS = "$(inherited) @executable_path/Frameworks";
				PRODUCT_BUNDLE_IDENTIFIER = com.theiOS.DemoApp;
				PRODUCT_NAME = "$(TARGET_NAME)";
			};
			name = Release;
		};
/* End XCBuildConfiguration section */

/* Begin XCConfigurationList section */
		3D98C2AC1D563053007DF0E1 /* Build configuration list for PBXProject "DemoApp" */ = {
			isa = XCConfigurationList;
			buildConfigurations = (
				3D98C2C11D563054007DF0E1 /* Debug */,
				3D98C2C21D563054007DF0E1 /* Release */,
			);
			defaultConfigurationIsVisible = 0;
			defaultConfigurationName = Release;
		};
		3D98C2C31D563054007DF0E1 /* Build configuration list for PBXNativeTarget "DemoApp" */ = {
			isa = XCConfigurationList;
			buildConfigurations = (
				3D98C2C41D563054007DF0E1 /* Debug */,
				3D98C2C51D563054007DF0E1 /* Release */,
			);
			defaultConfigurationIsVisible = 0;
			defaultConfigurationName = Release;
		};
/* End XCConfigurationList section */
	};
	rootObject = 3D98C2A91D563053007DF0E1 /* Project object */;
}
